{
 "getting_started": "6c82d2e1542f243d1194e7e262156b061d71e8d7",
 "gpt-sweep": "e45c7e66107a09b366f467df5fa987c8b59ba360",
 "pipeline": "d31e324f96358d622e0dd0e8aa58cc6acf319994",
 "probe": "7055c9dd9c82013c2514e68be3febbce680c66a8",
 "subline_demo": "08511655c710e37d04237c63d42230ffeb420d4a",
 "themed": "07030abf2dc4b115e651f433e59a32fba01fc802",
 "tour": "1ed97ea1eca40edc2304cced548ec22b90aa068a"
}
