{
 "getting_started": "a9ea850ac7cd6809f9b7309b29367c77d29aea18",
 "gpt-sweep": "64cb487dd9f31a923e9a1f415ff6f2272fadbe85",
 "pipeline": "a4ff28a389f7c89c6d2bc87157797018809167d1",
 "probe": "c40069db86bd7952992fcab14960d3c15e05e045",
 "subline_demo": "54c9372730a73a96311fa30fb227029d1f284b14",
 "themed": "a5831657d996f8434d1906a8c28ba9928e6e21c7"
}
