{
 "getting_started": "a9ea850ac7cd6809f9b7309b29367c77d29aea18",
 "gpt-sweep": "e587d5627985844bd6cbe7960f866f8b0523708b",
 "pipeline": "a4ff28a389f7c89c6d2bc87157797018809167d1",
 "probe": "c40069db86bd7952992fcab14960d3c15e05e045",
 "subline_demo": "54c9372730a73a96311fa30fb227029d1f284b14",
 "themed": "19a10f8ccfc30f794b96d89266429a5041ba5388"
}
